// !$*UTF8*$!
{
	archiveVersion = 1;
	classes = {
	};
	objectVersion = 46;
	objects = {

/* Begin PBXBuildFile section */
		ACDD6A2A8A0145CAB35F79EB /* libPods.a in Frameworks */ = {isa = PBXBuildFile; fileRef = 80E68B8637824181BE10A53F /* libPods.a */; };
		D3304058194A27E300376DAD /* GroupInfoViewController.m in Sources */ = {isa = PBXBuildFile; fileRef = D3304057194A27E300376DAD /* GroupInfoViewController.m */; };
		D344A7D5194528EF00FDC2E3 /* Foundation.framework in Frameworks */ = {isa = PBXBuildFile; fileRef = D344A7D4194528EF00FDC2E3 /* Foundation.framework */; };
		D344A7D7194528EF00FDC2E3 /* CoreGraphics.framework in Frameworks */ = {isa = PBXBuildFile; fileRef = D344A7D6194528EF00FDC2E3 /* CoreGraphics.framework */; };
		D344A7D9194528EF00FDC2E3 /* UIKit.framework in Frameworks */ = {isa = PBXBuildFile; fileRef = D344A7D8194528EF00FDC2E3 /* UIKit.framework */; };
		D344A7DF194528EF00FDC2E3 /* InfoPlist.strings in Resources */ = {isa = PBXBuildFile; fileRef = D344A7DD194528EF00FDC2E3 /* InfoPlist.strings */; };
		D344A7E1194528EF00FDC2E3 /* main.m in Sources */ = {isa = PBXBuildFile; fileRef = D344A7E0194528EF00FDC2E3 /* main.m */; };
		D344A7E5194528EF00FDC2E3 /* AppDelegate.m in Sources */ = {isa = PBXBuildFile; fileRef = D344A7E4194528EF00FDC2E3 /* AppDelegate.m */; };
		D344A7E7194528EF00FDC2E3 /* Images.xcassets in Resources */ = {isa = PBXBuildFile; fileRef = D344A7E6194528EF00FDC2E3 /* Images.xcassets */; };
		D344A7EE194528EF00FDC2E3 /* XCTest.framework in Frameworks */ = {isa = PBXBuildFile; fileRef = D344A7ED194528EF00FDC2E3 /* XCTest.framework */; };
		D344A7EF194528EF00FDC2E3 /* Foundation.framework in Frameworks */ = {isa = PBXBuildFile; fileRef = D344A7D4194528EF00FDC2E3 /* Foundation.framework */; };
		D344A7F0194528EF00FDC2E3 /* UIKit.framework in Frameworks */ = {isa = PBXBuildFile; fileRef = D344A7D8194528EF00FDC2E3 /* UIKit.framework */; };
		D344A7F8194528EF00FDC2E3 /* InfoPlist.strings in Resources */ = {isa = PBXBuildFile; fileRef = D344A7F6194528EF00FDC2E3 /* InfoPlist.strings */; };
		D344A7FA194528EF00FDC2E3 /* ClearIOTests.m in Sources */ = {isa = PBXBuildFile; fileRef = D344A7F9194528EF00FDC2E3 /* ClearIOTests.m */; };
		D344A80A19452B6800FDC2E3 /* ChatViewController.m in Sources */ = {isa = PBXBuildFile; fileRef = D344A80519452B6800FDC2E3 /* ChatViewController.m */; };
		D344A80B19452B6800FDC2E3 /* GroupListViewController.m in Sources */ = {isa = PBXBuildFile; fileRef = D344A80719452B6800FDC2E3 /* GroupListViewController.m */; };
		D344A80C19452B6800FDC2E3 /* LoginViewController.m in Sources */ = {isa = PBXBuildFile; fileRef = D344A80919452B6800FDC2E3 /* LoginViewController.m */; };
		D344A80E19452E2F00FDC2E3 /* Main.storyboard in Resources */ = {isa = PBXBuildFile; fileRef = D344A80D19452E2F00FDC2E3 /* Main.storyboard */; };
		D344A8111945330300FDC2E3 /* RegisterViewController.m in Sources */ = {isa = PBXBuildFile; fileRef = D344A8101945330300FDC2E3 /* RegisterViewController.m */; };
/* End PBXBuildFile section */

/* Begin PBXContainerItemProxy section */
		D344A7F1194528EF00FDC2E3 /* PBXContainerItemProxy */ = {
			isa = PBXContainerItemProxy;
			containerPortal = D344A7C9194528EF00FDC2E3 /* Project object */;
			proxyType = 1;
			remoteGlobalIDString = D344A7D0194528EF00FDC2E3;
			remoteInfo = ClearIO;
		};
/* End PBXContainerItemProxy section */

/* Begin PBXFileReference section */
		80E68B8637824181BE10A53F /* libPods.a */ = {isa = PBXFileReference; explicitFileType = archive.ar; includeInIndex = 0; path = libPods.a; sourceTree = BUILT_PRODUCTS_DIR; };
		A8B5966134954C47AE670875 /* Pods.xcconfig */ = {isa = PBXFileReference; includeInIndex = 1; lastKnownFileType = text.xcconfig; name = Pods.xcconfig; path = Pods/Pods.xcconfig; sourceTree = "<group>"; };
		D3304056194A27E300376DAD /* GroupInfoViewController.h */ = {isa = PBXFileReference; fileEncoding = 4; lastKnownFileType = sourcecode.c.h; path = GroupInfoViewController.h; sourceTree = "<group>"; };
		D3304057194A27E300376DAD /* GroupInfoViewController.m */ = {isa = PBXFileReference; fileEncoding = 4; lastKnownFileType = sourcecode.c.objc; path = GroupInfoViewController.m; sourceTree = "<group>"; };
		D344A7D1194528EF00FDC2E3 /* ClearIO.app */ = {isa = PBXFileReference; explicitFileType = wrapper.application; includeInIndex = 0; path = ClearIO.app; sourceTree = BUILT_PRODUCTS_DIR; };
		D344A7D4194528EF00FDC2E3 /* Foundation.framework */ = {isa = PBXFileReference; lastKnownFileType = wrapper.framework; name = Foundation.framework; path = System/Library/Frameworks/Foundation.framework; sourceTree = SDKROOT; };
		D344A7D6194528EF00FDC2E3 /* CoreGraphics.framework */ = {isa = PBXFileReference; lastKnownFileType = wrapper.framework; name = CoreGraphics.framework; path = System/Library/Frameworks/CoreGraphics.framework; sourceTree = SDKROOT; };
		D344A7D8194528EF00FDC2E3 /* UIKit.framework */ = {isa = PBXFileReference; lastKnownFileType = wrapper.framework; name = UIKit.framework; path = System/Library/Frameworks/UIKit.framework; sourceTree = SDKROOT; };
		D344A7DC194528EF00FDC2E3 /* ClearIO-Info.plist */ = {isa = PBXFileReference; lastKnownFileType = text.plist.xml; path = "ClearIO-Info.plist"; sourceTree = "<group>"; };
		D344A7DE194528EF00FDC2E3 /* en */ = {isa = PBXFileReference; lastKnownFileType = text.plist.strings; name = en; path = en.lproj/InfoPlist.strings; sourceTree = "<group>"; };
		D344A7E0194528EF00FDC2E3 /* main.m */ = {isa = PBXFileReference; lastKnownFileType = sourcecode.c.objc; path = main.m; sourceTree = "<group>"; };
		D344A7E2194528EF00FDC2E3 /* ClearIO-Prefix.pch */ = {isa = PBXFileReference; lastKnownFileType = sourcecode.c.h; path = "ClearIO-Prefix.pch"; sourceTree = "<group>"; };
		D344A7E3194528EF00FDC2E3 /* AppDelegate.h */ = {isa = PBXFileReference; lastKnownFileType = sourcecode.c.h; path = AppDelegate.h; sourceTree = "<group>"; };
		D344A7E4194528EF00FDC2E3 /* AppDelegate.m */ = {isa = PBXFileReference; lastKnownFileType = sourcecode.c.objc; path = AppDelegate.m; sourceTree = "<group>"; };
		D344A7E6194528EF00FDC2E3 /* Images.xcassets */ = {isa = PBXFileReference; lastKnownFileType = folder.assetcatalog; path = Images.xcassets; sourceTree = "<group>"; };
		D344A7EC194528EF00FDC2E3 /* ClearIOTests.xctest */ = {isa = PBXFileReference; explicitFileType = wrapper.cfbundle; includeInIndex = 0; path = ClearIOTests.xctest; sourceTree = BUILT_PRODUCTS_DIR; };
		D344A7ED194528EF00FDC2E3 /* XCTest.framework */ = {isa = PBXFileReference; lastKnownFileType = wrapper.framework; name = XCTest.framework; path = Library/Frameworks/XCTest.framework; sourceTree = DEVELOPER_DIR; };
		D344A7F5194528EF00FDC2E3 /* ClearIOTests-Info.plist */ = {isa = PBXFileReference; lastKnownFileType = text.plist.xml; path = "ClearIOTests-Info.plist"; sourceTree = "<group>"; };
		D344A7F7194528EF00FDC2E3 /* en */ = {isa = PBXFileReference; lastKnownFileType = text.plist.strings; name = en; path = en.lproj/InfoPlist.strings; sourceTree = "<group>"; };
		D344A7F9194528EF00FDC2E3 /* ClearIOTests.m */ = {isa = PBXFileReference; lastKnownFileType = sourcecode.c.objc; path = ClearIOTests.m; sourceTree = "<group>"; };
		D344A80319452B6800FDC2E3 /* ClearIOConstants.h */ = {isa = PBXFileReference; fileEncoding = 4; lastKnownFileType = sourcecode.c.h; path = ClearIOConstants.h; sourceTree = "<group>"; };
		D344A80419452B6800FDC2E3 /* ChatViewController.h */ = {isa = PBXFileReference; fileEncoding = 4; lastKnownFileType = sourcecode.c.h; path = ChatViewController.h; sourceTree = "<group>"; };
		D344A80519452B6800FDC2E3 /* ChatViewController.m */ = {isa = PBXFileReference; fileEncoding = 4; lastKnownFileType = sourcecode.c.objc; path = ChatViewController.m; sourceTree = "<group>"; };
		D344A80619452B6800FDC2E3 /* GroupListViewController.h */ = {isa = PBXFileReference; fileEncoding = 4; lastKnownFileType = sourcecode.c.h; path = GroupListViewController.h; sourceTree = "<group>"; };
		D344A80719452B6800FDC2E3 /* GroupListViewController.m */ = {isa = PBXFileReference; fileEncoding = 4; lastKnownFileType = sourcecode.c.objc; path = GroupListViewController.m; sourceTree = "<group>"; };
		D344A80819452B6800FDC2E3 /* LoginViewController.h */ = {isa = PBXFileReference; fileEncoding = 4; lastKnownFileType = sourcecode.c.h; path = LoginViewController.h; sourceTree = "<group>"; };
		D344A80919452B6800FDC2E3 /* LoginViewController.m */ = {isa = PBXFileReference; fileEncoding = 4; lastKnownFileType = sourcecode.c.objc; path = LoginViewController.m; sourceTree = "<group>"; };
		D344A80D19452E2F00FDC2E3 /* Main.storyboard */ = {isa = PBXFileReference; fileEncoding = 4; lastKnownFileType = file.storyboard; path = Main.storyboard; sourceTree = "<group>"; };
		D344A80F1945330300FDC2E3 /* RegisterViewController.h */ = {isa = PBXFileReference; fileEncoding = 4; lastKnownFileType = sourcecode.c.h; path = RegisterViewController.h; sourceTree = "<group>"; };
		D344A8101945330300FDC2E3 /* RegisterViewController.m */ = {isa = PBXFileReference; fileEncoding = 4; lastKnownFileType = sourcecode.c.objc; path = RegisterViewController.m; sourceTree = "<group>"; };
/* End PBXFileReference section */

/* Begin PBXFrameworksBuildPhase section */
		D344A7CE194528EF00FDC2E3 /* Frameworks */ = {
			isa = PBXFrameworksBuildPhase;
			buildActionMask = 2147483647;
			files = (
				D344A7D7194528EF00FDC2E3 /* CoreGraphics.framework in Frameworks */,
				D344A7D9194528EF00FDC2E3 /* UIKit.framework in Frameworks */,
				D344A7D5194528EF00FDC2E3 /* Foundation.framework in Frameworks */,
				ACDD6A2A8A0145CAB35F79EB /* libPods.a in Frameworks */,
			);
			runOnlyForDeploymentPostprocessing = 0;
		};
		D344A7E9194528EF00FDC2E3 /* Frameworks */ = {
			isa = PBXFrameworksBuildPhase;
			buildActionMask = 2147483647;
			files = (
				D344A7EE194528EF00FDC2E3 /* XCTest.framework in Frameworks */,
				D344A7F0194528EF00FDC2E3 /* UIKit.framework in Frameworks */,
				D344A7EF194528EF00FDC2E3 /* Foundation.framework in Frameworks */,
			);
			runOnlyForDeploymentPostprocessing = 0;
		};
/* End PBXFrameworksBuildPhase section */

/* Begin PBXGroup section */
		D344A7C8194528EF00FDC2E3 = {
			isa = PBXGroup;
			children = (
				D344A7DA194528EF00FDC2E3 /* ClearIO */,
				D344A7F3194528EF00FDC2E3 /* ClearIOTests */,
				D344A7D3194528EF00FDC2E3 /* Frameworks */,
				D344A7D2194528EF00FDC2E3 /* Products */,
				A8B5966134954C47AE670875 /* Pods.xcconfig */,
			);
			sourceTree = "<group>";
		};
		D344A7D2194528EF00FDC2E3 /* Products */ = {
			isa = PBXGroup;
			children = (
				D344A7D1194528EF00FDC2E3 /* ClearIO.app */,
				D344A7EC194528EF00FDC2E3 /* ClearIOTests.xctest */,
			);
			name = Products;
			sourceTree = "<group>";
		};
		D344A7D3194528EF00FDC2E3 /* Frameworks */ = {
			isa = PBXGroup;
			children = (
				D344A7D4194528EF00FDC2E3 /* Foundation.framework */,
				D344A7D6194528EF00FDC2E3 /* CoreGraphics.framework */,
				D344A7D8194528EF00FDC2E3 /* UIKit.framework */,
				D344A7ED194528EF00FDC2E3 /* XCTest.framework */,
				80E68B8637824181BE10A53F /* libPods.a */,
			);
			name = Frameworks;
			sourceTree = "<group>";
		};
		D344A7DA194528EF00FDC2E3 /* ClearIO */ = {
			isa = PBXGroup;
			children = (
				D344A80319452B6800FDC2E3 /* ClearIOConstants.h */,
				D344A80419452B6800FDC2E3 /* ChatViewController.h */,
				D344A80519452B6800FDC2E3 /* ChatViewController.m */,
				D344A80619452B6800FDC2E3 /* GroupListViewController.h */,
				D344A80719452B6800FDC2E3 /* GroupListViewController.m */,
				D344A80819452B6800FDC2E3 /* LoginViewController.h */,
				D344A80919452B6800FDC2E3 /* LoginViewController.m */,
				D344A7E3194528EF00FDC2E3 /* AppDelegate.h */,
				D344A7E4194528EF00FDC2E3 /* AppDelegate.m */,
				D344A7E6194528EF00FDC2E3 /* Images.xcassets */,
				D344A7DB194528EF00FDC2E3 /* Supporting Files */,
				D344A80D19452E2F00FDC2E3 /* Main.storyboard */,
				D344A80F1945330300FDC2E3 /* RegisterViewController.h */,
				D344A8101945330300FDC2E3 /* RegisterViewController.m */,
				D3304056194A27E300376DAD /* GroupInfoViewController.h */,
				D3304057194A27E300376DAD /* GroupInfoViewController.m */,
			);
			path = ClearIO;
			sourceTree = "<group>";
		};
		D344A7DB194528EF00FDC2E3 /* Supporting Files */ = {
			isa = PBXGroup;
			children = (
				D344A7DC194528EF00FDC2E3 /* ClearIO-Info.plist */,
				D344A7DD194528EF00FDC2E3 /* InfoPlist.strings */,
				D344A7E0194528EF00FDC2E3 /* main.m */,
				D344A7E2194528EF00FDC2E3 /* ClearIO-Prefix.pch */,
			);
			name = "Supporting Files";
			sourceTree = "<group>";
		};
		D344A7F3194528EF00FDC2E3 /* ClearIOTests */ = {
			isa = PBXGroup;
			children = (
				D344A7F9194528EF00FDC2E3 /* ClearIOTests.m */,
				D344A7F4194528EF00FDC2E3 /* Supporting Files */,
			);
			path = ClearIOTests;
			sourceTree = "<group>";
		};
		D344A7F4194528EF00FDC2E3 /* Supporting Files */ = {
			isa = PBXGroup;
			children = (
				D344A7F5194528EF00FDC2E3 /* ClearIOTests-Info.plist */,
				D344A7F6194528EF00FDC2E3 /* InfoPlist.strings */,
			);
			name = "Supporting Files";
			sourceTree = "<group>";
		};
/* End PBXGroup section */

/* Begin PBXNativeTarget section */
		D344A7D0194528EF00FDC2E3 /* ClearIO */ = {
			isa = PBXNativeTarget;
			buildConfigurationList = D344A7FD194528EF00FDC2E3 /* Build configuration list for PBXNativeTarget "ClearIO" */;
			buildPhases = (
				8CCD657D8D9C4160B72A0D8E /* Check Pods Manifest.lock */,
				D344A7CD194528EF00FDC2E3 /* Sources */,
				D344A7CE194528EF00FDC2E3 /* Frameworks */,
				D344A7CF194528EF00FDC2E3 /* Resources */,
				A553692F925B4E60BE83395D /* Copy Pods Resources */,
			);
			buildRules = (
			);
			dependencies = (
			);
			name = ClearIO;
			productName = ClearIO;
			productReference = D344A7D1194528EF00FDC2E3 /* ClearIO.app */;
			productType = "com.apple.product-type.application";
		};
		D344A7EB194528EF00FDC2E3 /* ClearIOTests */ = {
			isa = PBXNativeTarget;
			buildConfigurationList = D344A800194528EF00FDC2E3 /* Build configuration list for PBXNativeTarget "ClearIOTests" */;
			buildPhases = (
				D344A7E8194528EF00FDC2E3 /* Sources */,
				D344A7E9194528EF00FDC2E3 /* Frameworks */,
				D344A7EA194528EF00FDC2E3 /* Resources */,
			);
			buildRules = (
			);
			dependencies = (
				D344A7F2194528EF00FDC2E3 /* PBXTargetDependency */,
			);
			name = ClearIOTests;
			productName = ClearIOTests;
			productReference = D344A7EC194528EF00FDC2E3 /* ClearIOTests.xctest */;
			productType = "com.apple.product-type.bundle.unit-test";
		};
/* End PBXNativeTarget section */

/* Begin PBXProject section */
		D344A7C9194528EF00FDC2E3 /* Project object */ = {
			isa = PBXProject;
			attributes = {
				LastUpgradeCheck = 0510;
				ORGANIZATIONNAME = ClearBlade;
				TargetAttributes = {
					D344A7EB194528EF00FDC2E3 = {
						TestTargetID = D344A7D0194528EF00FDC2E3;
					};
				};
			};
			buildConfigurationList = D344A7CC194528EF00FDC2E3 /* Build configuration list for PBXProject "ClearIO" */;
			compatibilityVersion = "Xcode 3.2";
			developmentRegion = English;
			hasScannedForEncodings = 0;
			knownRegions = (
				en,
			);
			mainGroup = D344A7C8194528EF00FDC2E3;
			productRefGroup = D344A7D2194528EF00FDC2E3 /* Products */;
			projectDirPath = "";
			projectRoot = "";
			targets = (
				D344A7D0194528EF00FDC2E3 /* ClearIO */,
				D344A7EB194528EF00FDC2E3 /* ClearIOTests */,
			);
		};
/* End PBXProject section */

/* Begin PBXResourcesBuildPhase section */
		D344A7CF194528EF00FDC2E3 /* Resources */ = {
			isa = PBXResourcesBuildPhase;
			buildActionMask = 2147483647;
			files = (
				D344A80E19452E2F00FDC2E3 /* Main.storyboard in Resources */,
				D344A7DF194528EF00FDC2E3 /* InfoPlist.strings in Resources */,
				D344A7E7194528EF00FDC2E3 /* Images.xcassets in Resources */,
			);
			runOnlyForDeploymentPostprocessing = 0;
		};
		D344A7EA194528EF00FDC2E3 /* Resources */ = {
			isa = PBXResourcesBuildPhase;
			buildActionMask = 2147483647;
			files = (
				D344A7F8194528EF00FDC2E3 /* InfoPlist.strings in Resources */,
			);
			runOnlyForDeploymentPostprocessing = 0;
		};
/* End PBXResourcesBuildPhase section */

/* Begin PBXShellScriptBuildPhase section */
		8CCD657D8D9C4160B72A0D8E /* Check Pods Manifest.lock */ = {
			isa = PBXShellScriptBuildPhase;
			buildActionMask = 2147483647;
			files = (
			);
			inputPaths = (
			);
			name = "Check Pods Manifest.lock";
			outputPaths = (
			);
			runOnlyForDeploymentPostprocessing = 0;
			shellPath = /bin/sh;
			shellScript = "diff \"${PODS_ROOT}/../Podfile.lock\" \"${PODS_ROOT}/Manifest.lock\" > /dev/null\nif [[ $? != 0 ]] ; then\n    cat << EOM\nerror: The sandbox is not in sync with the Podfile.lock. Run 'pod install' or update your CocoaPods installation.\nEOM\n    exit 1\nfi\n";
			showEnvVarsInLog = 0;
		};
		A553692F925B4E60BE83395D /* Copy Pods Resources */ = {
			isa = PBXShellScriptBuildPhase;
			buildActionMask = 2147483647;
			files = (
			);
			inputPaths = (
			);
			name = "Copy Pods Resources";
			outputPaths = (
			);
			runOnlyForDeploymentPostprocessing = 0;
			shellPath = /bin/sh;
			shellScript = "\"${SRCROOT}/Pods/Pods-resources.sh\"\n";
			showEnvVarsInLog = 0;
		};
/* End PBXShellScriptBuildPhase section */

/* Begin PBXSourcesBuildPhase section */
		D344A7CD194528EF00FDC2E3 /* Sources */ = {
			isa = PBXSourcesBuildPhase;
			buildActionMask = 2147483647;
			files = (
				D344A80B19452B6800FDC2E3 /* GroupListViewController.m in Sources */,
				D344A8111945330300FDC2E3 /* RegisterViewController.m in Sources */,
				D344A7E5194528EF00FDC2E3 /* AppDelegate.m in Sources */,
				D344A7E1194528EF00FDC2E3 /* main.m in Sources */,
				D3304058194A27E300376DAD /* GroupInfoViewController.m in Sources */,
				D344A80A19452B6800FDC2E3 /* ChatViewController.m in Sources */,
				D344A80C19452B6800FDC2E3 /* LoginViewController.m in Sources */,
			);
			runOnlyForDeploymentPostprocessing = 0;
		};
		D344A7E8194528EF00FDC2E3 /* Sources */ = {
			isa = PBXSourcesBuildPhase;
			buildActionMask = 2147483647;
			files = (
				D344A7FA194528EF00FDC2E3 /* ClearIOTests.m in Sources */,
			);
			runOnlyForDeploymentPostprocessing = 0;
		};
/* End PBXSourcesBuildPhase section */

/* Begin PBXTargetDependency section */
		D344A7F2194528EF00FDC2E3 /* PBXTargetDependency */ = {
			isa = PBXTargetDependency;
			target = D344A7D0194528EF00FDC2E3 /* ClearIO */;
			targetProxy = D344A7F1194528EF00FDC2E3 /* PBXContainerItemProxy */;
		};
/* End PBXTargetDependency section */

/* Begin PBXVariantGroup section */
		D344A7DD194528EF00FDC2E3 /* InfoPlist.strings */ = {
			isa = PBXVariantGroup;
			children = (
				D344A7DE194528EF00FDC2E3 /* en */,
			);
			name = InfoPlist.strings;
			sourceTree = "<group>";
		};
		D344A7F6194528EF00FDC2E3 /* InfoPlist.strings */ = {
			isa = PBXVariantGroup;
			children = (
				D344A7F7194528EF00FDC2E3 /* en */,
			);
			name = InfoPlist.strings;
			sourceTree = "<group>";
		};
/* End PBXVariantGroup section */

/* Begin XCBuildConfiguration section */
		D344A7FB194528EF00FDC2E3 /* Debug */ = {
			isa = XCBuildConfiguration;
			buildSettings = {
				ALWAYS_SEARCH_USER_PATHS = NO;
				CLANG_CXX_LANGUAGE_STANDARD = "gnu++0x";
				CLANG_CXX_LIBRARY = "libc++";
				CLANG_ENABLE_MODULES = YES;
				CLANG_ENABLE_OBJC_ARC = YES;
				CLANG_WARN_BOOL_CONVERSION = YES;
				CLANG_WARN_CONSTANT_CONVERSION = YES;
				CLANG_WARN_DIRECT_OBJC_ISA_USAGE = YES_ERROR;
				CLANG_WARN_EMPTY_BODY = YES;
				CLANG_WARN_ENUM_CONVERSION = YES;
				CLANG_WARN_INT_CONVERSION = YES;
				CLANG_WARN_OBJC_ROOT_CLASS = YES_ERROR;
				CLANG_WARN__DUPLICATE_METHOD_MATCH = YES;
				"CODE_SIGN_IDENTITY[sdk=iphoneos*]" = "iPhone Developer";
				COPY_PHASE_STRIP = NO;
				GCC_C_LANGUAGE_STANDARD = gnu99;
				GCC_DYNAMIC_NO_PIC = NO;
				GCC_OPTIMIZATION_LEVEL = 0;
				GCC_PREPROCESSOR_DEFINITIONS = (
					"DEBUG=1",
					"$(inherited)",
				);
				GCC_SYMBOLS_PRIVATE_EXTERN = NO;
				GCC_WARN_64_TO_32_BIT_CONVERSION = YES;
				GCC_WARN_ABOUT_RETURN_TYPE = YES_ERROR;
				GCC_WARN_UNDECLARED_SELECTOR = YES;
				GCC_WARN_UNINITIALIZED_AUTOS = YES_AGGRESSIVE;
				GCC_WARN_UNUSED_FUNCTION = YES;
				GCC_WARN_UNUSED_VARIABLE = YES;
				IPHONEOS_DEPLOYMENT_TARGET = 7.1;
				ONLY_ACTIVE_ARCH = YES;
				SDKROOT = iphoneos;
				TARGETED_DEVICE_FAMILY = "1,2";
			};
			name = Debug;
		};
		D344A7FC194528EF00FDC2E3 /* Release */ = {
			isa = XCBuildConfiguration;
			buildSettings = {
				ALWAYS_SEARCH_USER_PATHS = NO;
				CLANG_CXX_LANGUAGE_STANDARD = "gnu++0x";
				CLANG_CXX_LIBRARY = "libc++";
				CLANG_ENABLE_MODULES = YES;
				CLANG_ENABLE_OBJC_ARC = YES;
				CLANG_WARN_BOOL_CONVERSION = YES;
				CLANG_WARN_CONSTANT_CONVERSION = YES;
				CLANG_WARN_DIRECT_OBJC_ISA_USAGE = YES_ERROR;
				CLANG_WARN_EMPTY_BODY = YES;
				CLANG_WARN_ENUM_CONVERSION = YES;
				CLANG_WARN_INT_CONVERSION = YES;
				CLANG_WARN_OBJC_ROOT_CLASS = YES_ERROR;
				CLANG_WARN__DUPLICATE_METHOD_MATCH = YES;
				"CODE_SIGN_IDENTITY[sdk=iphoneos*]" = "iPhone Developer";
				COPY_PHASE_STRIP = YES;
				ENABLE_NS_ASSERTIONS = NO;
				GCC_C_LANGUAGE_STANDARD = gnu99;
				GCC_WARN_64_TO_32_BIT_CONVERSION = YES;
				GCC_WARN_ABOUT_RETURN_TYPE = YES_ERROR;
				GCC_WARN_UNDECLARED_SELECTOR = YES;
				GCC_WARN_UNINITIALIZED_AUTOS = YES_AGGRESSIVE;
				GCC_WARN_UNUSED_FUNCTION = YES;
				GCC_WARN_UNUSED_VARIABLE = YES;
				IPHONEOS_DEPLOYMENT_TARGET = 7.1;
				SDKROOT = iphoneos;
				TARGETED_DEVICE_FAMILY = "1,2";
				VALIDATE_PRODUCT = YES;
			};
			name = Release;
		};
		D344A7FE194528EF00FDC2E3 /* Debug */ = {
			isa = XCBuildConfiguration;
			baseConfigurationReference = A8B5966134954C47AE670875 /* Pods.xcconfig */;
			buildSettings = {
				ASSETCATALOG_COMPILER_APPICON_NAME = AppIcon;
				ASSETCATALOG_COMPILER_LAUNCHIMAGE_NAME = LaunchImage;
				GCC_PRECOMPILE_PREFIX_HEADER = YES;
				GCC_PREFIX_HEADER = "ClearIO/ClearIO-Prefix.pch";
				INFOPLIST_FILE = "ClearIO/ClearIO-Info.plist";
				PRODUCT_NAME = "$(TARGET_NAME)";
				WRAPPER_EXTENSION = app;
			};
			name = Debug;
		};
		D344A7FF194528EF00FDC2E3 /* Release */ = {
			isa = XCBuildConfiguration;
			baseConfigurationReference = A8B5966134954C47AE670875 /* Pods.xcconfig */;
			buildSettings = {
				ASSETCATALOG_COMPILER_APPICON_NAME = AppIcon;
				ASSETCATALOG_COMPILER_LAUNCHIMAGE_NAME = LaunchImage;
				GCC_PRECOMPILE_PREFIX_HEADER = YES;
				GCC_PREFIX_HEADER = "ClearIO/ClearIO-Prefix.pch";
				INFOPLIST_FILE = "ClearIO/ClearIO-Info.plist";
				PRODUCT_NAME = "$(TARGET_NAME)";
				WRAPPER_EXTENSION = app;
			};
			name = Release;
		};
		D344A801194528EF00FDC2E3 /* Debug */ = {
			isa = XCBuildConfiguration;
			buildSettings = {
				BUNDLE_LOADER = "$(BUILT_PRODUCTS_DIR)/ClearIO.app/ClearIO";
				FRAMEWORK_SEARCH_PATHS = (
					"$(SDKROOT)/Developer/Library/Frameworks",
					"$(inherited)",
					"$(DEVELOPER_FRAMEWORKS_DIR)",
				);
				GCC_PRECOMPILE_PREFIX_HEADER = YES;
				GCC_PREFIX_HEADER = "ClearIO/ClearIO-Prefix.pch";
				GCC_PREPROCESSOR_DEFINITIONS = (
					"DEBUG=1",
					"$(inherited)",
				);
				INFOPLIST_FILE = "ClearIOTests/ClearIOTests-Info.plist";
				PRODUCT_NAME = "$(TARGET_NAME)";
				TEST_HOST = "$(BUNDLE_LOADER)";
				WRAPPER_EXTENSION = xctest;
			};
			name = Debug;
		};
		D344A802194528EF00FDC2E3 /* Release */ = {
			isa = XCBuildConfiguration;
			buildSettings = {
				BUNDLE_LOADER = "$(BUILT_PRODUCTS_DIR)/ClearIO.app/ClearIO";
				FRAMEWORK_SEARCH_PATHS = (
					"$(SDKROOT)/Developer/Library/Frameworks",
					"$(inherited)",
					"$(DEVELOPER_FRAMEWORKS_DIR)",
				);
				GCC_PRECOMPILE_PREFIX_HEADER = YES;
				GCC_PREFIX_HEADER = "ClearIO/ClearIO-Prefix.pch";
				INFOPLIST_FILE = "ClearIOTests/ClearIOTests-Info.plist";
				PRODUCT_NAME = "$(TARGET_NAME)";
				TEST_HOST = "$(BUNDLE_LOADER)";
				WRAPPER_EXTENSION = xctest;
			};
			name = Release;
		};
/* End XCBuildConfiguration section */

/* Begin XCConfigurationList section */
		D344A7CC194528EF00FDC2E3 /* Build configuration list for PBXProject "ClearIO" */ = {
			isa = XCConfigurationList;
			buildConfigurations = (
				D344A7FB194528EF00FDC2E3 /* Debug */,
				D344A7FC194528EF00FDC2E3 /* Release */,
			);
			defaultConfigurationIsVisible = 0;
			defaultConfigurationName = Release;
		};
		D344A7FD194528EF00FDC2E3 /* Build configuration list for PBXNativeTarget "ClearIO" */ = {
			isa = XCConfigurationList;
			buildConfigurations = (
				D344A7FE194528EF00FDC2E3 /* Debug */,
				D344A7FF194528EF00FDC2E3 /* Release */,
			);
			defaultConfigurationIsVisible = 0;
			defaultConfigurationName = Release;
		};
		D344A800194528EF00FDC2E3 /* Build configuration list for PBXNativeTarget "ClearIOTests" */ = {
			isa = XCConfigurationList;
			buildConfigurations = (
				D344A801194528EF00FDC2E3 /* Debug */,
				D344A802194528EF00FDC2E3 /* Release */,
			);
			defaultConfigurationIsVisible = 0;
			defaultConfigurationName = Release;
		};
/* End XCConfigurationList section */
	};
	rootObject = D344A7C9194528EF00FDC2E3 /* Project object */;
}
